// !$*UTF8*$!
{
	archiveVersion = 1;
	classes = {
	};
	objectVersion = 50;
	objects = {

/* Begin PBXBuildFile section */
		EA850D242237A93E00ACCCE0 /* AppDelegate.swift in Sources */ = {isa = PBXBuildFile; fileRef = EA850D232237A93E00ACCCE0 /* AppDelegate.swift */; };
		EA850D292237A93E00ACCCE0 /* Main.storyboard in Resources */ = {isa = PBXBuildFile; fileRef = EA850D272237A93E00ACCCE0 /* Main.storyboard */; };
		EA850D2B2237A93F00ACCCE0 /* Assets.xcassets in Resources */ = {isa = PBXBuildFile; fileRef = EA850D2A2237A93F00ACCCE0 /* Assets.xcassets */; };
		EA850D2E2237A93F00ACCCE0 /* LaunchScreen.storyboard in Resources */ = {isa = PBXBuildFile; fileRef = EA850D2C2237A93F00ACCCE0 /* LaunchScreen.storyboard */; };
		EA850D362237A99500ACCCE0 /* ExampleTableViewController.swift in Sources */ = {isa = PBXBuildFile; fileRef = EA850D352237A99500ACCCE0 /* ExampleTableViewController.swift */; };
		FB4EC1F5BAF90A9213094286 /* Pods_TextFieldsDemo.framework in Frameworks */ = {isa = PBXBuildFile; fileRef = ACC12DFC99BE1AC3220D02D4 /* Pods_TextFieldsDemo.framework */; };
/* End PBXBuildFile section */

/* Begin PBXFileReference section */
		0887C9A14A11B5998251253B /* Pods-TextFieldsDemo.release.xcconfig */ = {isa = PBXFileReference; includeInIndex = 1; lastKnownFileType = text.xcconfig; name = "Pods-TextFieldsDemo.release.xcconfig"; path = "Pods/Target Support Files/Pods-TextFieldsDemo/Pods-TextFieldsDemo.release.xcconfig"; sourceTree = "<group>"; };
		2EA14BE4B18EF95CF676D668 /* Pods-TextFieldsDemo.debug.xcconfig */ = {isa = PBXFileReference; includeInIndex = 1; lastKnownFileType = text.xcconfig; name = "Pods-TextFieldsDemo.debug.xcconfig"; path = "Pods/Target Support Files/Pods-TextFieldsDemo/Pods-TextFieldsDemo.debug.xcconfig"; sourceTree = "<group>"; };
		ACC12DFC99BE1AC3220D02D4 /* Pods_TextFieldsDemo.framework */ = {isa = PBXFileReference; explicitFileType = wrapper.framework; includeInIndex = 0; path = Pods_TextFieldsDemo.framework; sourceTree = BUILT_PRODUCTS_DIR; };
		EA850D202237A93E00ACCCE0 /* TextFieldsDemo.app */ = {isa = PBXFileReference; explicitFileType = wrapper.application; includeInIndex = 0; path = TextFieldsDemo.app; sourceTree = BUILT_PRODUCTS_DIR; };
		EA850D232237A93E00ACCCE0 /* AppDelegate.swift */ = {isa = PBXFileReference; lastKnownFileType = sourcecode.swift; path = AppDelegate.swift; sourceTree = "<group>"; };
		EA850D282237A93E00ACCCE0 /* Base */ = {isa = PBXFileReference; lastKnownFileType = file.storyboard; name = Base; path = Base.lproj/Main.storyboard; sourceTree = "<group>"; };
		EA850D2A2237A93F00ACCCE0 /* Assets.xcassets */ = {isa = PBXFileReference; lastKnownFileType = folder.assetcatalog; path = Assets.xcassets; sourceTree = "<group>"; };
		EA850D2D2237A93F00ACCCE0 /* Base */ = {isa = PBXFileReference; lastKnownFileType = file.storyboard; name = Base; path = Base.lproj/LaunchScreen.storyboard; sourceTree = "<group>"; };
		EA850D2F2237A93F00ACCCE0 /* Info.plist */ = {isa = PBXFileReference; lastKnownFileType = text.plist.xml; path = Info.plist; sourceTree = "<group>"; };
		EA850D352237A99500ACCCE0 /* ExampleTableViewController.swift */ = {isa = PBXFileReference; fileEncoding = 4; lastKnownFileType = sourcecode.swift; path = ExampleTableViewController.swift; sourceTree = "<group>"; };
/* End PBXFileReference section */

/* Begin PBXFrameworksBuildPhase section */
		EA850D1D2237A93E00ACCCE0 /* Frameworks */ = {
			isa = PBXFrameworksBuildPhase;
			buildActionMask = 2147483647;
			files = (
				FB4EC1F5BAF90A9213094286 /* Pods_TextFieldsDemo.framework in Frameworks */,
			);
			runOnlyForDeploymentPostprocessing = 0;
		};
/* End PBXFrameworksBuildPhase section */

/* Begin PBXGroup section */
		E12233ADFE293F525901DBEC /* Frameworks */ = {
			isa = PBXGroup;
			children = (
				ACC12DFC99BE1AC3220D02D4 /* Pods_TextFieldsDemo.framework */,
			);
			name = Frameworks;
			sourceTree = "<group>";
		};
		EA850D172237A93E00ACCCE0 = {
			isa = PBXGroup;
			children = (
				EA850D222237A93E00ACCCE0 /* TextFieldsDemo */,
				EA850D212237A93E00ACCCE0 /* Products */,
				F4A5422D4F33460AD7AFED43 /* Pods */,
				E12233ADFE293F525901DBEC /* Frameworks */,
			);
			sourceTree = "<group>";
		};
		EA850D212237A93E00ACCCE0 /* Products */ = {
			isa = PBXGroup;
			children = (
				EA850D202237A93E00ACCCE0 /* TextFieldsDemo.app */,
			);
			name = Products;
			sourceTree = "<group>";
		};
		EA850D222237A93E00ACCCE0 /* TextFieldsDemo */ = {
			isa = PBXGroup;
			children = (
				EA850D352237A99500ACCCE0 /* ExampleTableViewController.swift */,
				EA850D232237A93E00ACCCE0 /* AppDelegate.swift */,
				EA850D272237A93E00ACCCE0 /* Main.storyboard */,
				EA850D2A2237A93F00ACCCE0 /* Assets.xcassets */,
				EA850D2C2237A93F00ACCCE0 /* LaunchScreen.storyboard */,
				EA850D2F2237A93F00ACCCE0 /* Info.plist */,
			);
			path = TextFieldsDemo;
			sourceTree = "<group>";
		};
		F4A5422D4F33460AD7AFED43 /* Pods */ = {
			isa = PBXGroup;
			children = (
				2EA14BE4B18EF95CF676D668 /* Pods-TextFieldsDemo.debug.xcconfig */,
				0887C9A14A11B5998251253B /* Pods-TextFieldsDemo.release.xcconfig */,
			);
			name = Pods;
			sourceTree = "<group>";
		};
/* End PBXGroup section */

/* Begin PBXNativeTarget section */
		EA850D1F2237A93E00ACCCE0 /* TextFieldsDemo */ = {
			isa = PBXNativeTarget;
			buildConfigurationList = EA850D322237A93F00ACCCE0 /* Build configuration list for PBXNativeTarget "TextFieldsDemo" */;
			buildPhases = (
				743658F9E7BA9E28649A2402 /* [CP] Check Pods Manifest.lock */,
				EA850D1C2237A93E00ACCCE0 /* Sources */,
				EA850D1D2237A93E00ACCCE0 /* Frameworks */,
				EA850D1E2237A93E00ACCCE0 /* Resources */,
				3D169428DEDC2C888BF712C1 /* [CP] Embed Pods Frameworks */,
			);
			buildRules = (
			);
			dependencies = (
			);
			name = TextFieldsDemo;
			productName = TextFieldsDemo;
			productReference = EA850D202237A93E00ACCCE0 /* TextFieldsDemo.app */;
			productType = "com.apple.product-type.application";
		};
/* End PBXNativeTarget section */

/* Begin PBXProject section */
		EA850D182237A93E00ACCCE0 /* Project object */ = {
			isa = PBXProject;
			attributes = {
				LastSwiftUpdateCheck = 1010;
				LastUpgradeCheck = 1010;
				ORGANIZATIONNAME = "Raul Riera";
				TargetAttributes = {
					EA850D1F2237A93E00ACCCE0 = {
						CreatedOnToolsVersion = 10.1;
					};
				};
			};
			buildConfigurationList = EA850D1B2237A93E00ACCCE0 /* Build configuration list for PBXProject "TextFieldsDemo" */;
			compatibilityVersion = "Xcode 9.3";
			developmentRegion = en;
			hasScannedForEncodings = 0;
			knownRegions = (
				en,
				Base,
			);
			mainGroup = EA850D172237A93E00ACCCE0;
			productRefGroup = EA850D212237A93E00ACCCE0 /* Products */;
			projectDirPath = "";
			projectRoot = "";
			targets = (
				EA850D1F2237A93E00ACCCE0 /* TextFieldsDemo */,
			);
		};
/* End PBXProject section */

/* Begin PBXResourcesBuildPhase section */
		EA850D1E2237A93E00ACCCE0 /* Resources */ = {
			isa = PBXResourcesBuildPhase;
			buildActionMask = 2147483647;
			files = (
				EA850D2E2237A93F00ACCCE0 /* LaunchScreen.storyboard in Resources */,
				EA850D2B2237A93F00ACCCE0 /* Assets.xcassets in Resources */,
				EA850D292237A93E00ACCCE0 /* Main.storyboard in Resources */,
			);
			runOnlyForDeploymentPostprocessing = 0;
		};
/* End PBXResourcesBuildPhase section */

/* Begin PBXShellScriptBuildPhase section */
		3D169428DEDC2C888BF712C1 /* [CP] Embed Pods Frameworks */ = {
			isa = PBXShellScriptBuildPhase;
			buildActionMask = 2147483647;
			files = (
			);
			inputPaths = (
				"${SRCROOT}/Pods/Target Support Files/Pods-TextFieldsDemo/Pods-TextFieldsDemo-frameworks.sh",
				"${BUILT_PRODUCTS_DIR}/TextFieldEffects/TextFieldEffects.framework",
			);
			name = "[CP] Embed Pods Frameworks";
			outputPaths = (
				"${TARGET_BUILD_DIR}/${FRAMEWORKS_FOLDER_PATH}/TextFieldEffects.framework",
			);
			runOnlyForDeploymentPostprocessing = 0;
			shellPath = /bin/sh;
			shellScript = "\"${SRCROOT}/Pods/Target Support Files/Pods-TextFieldsDemo/Pods-TextFieldsDemo-frameworks.sh\"\n";
			showEnvVarsInLog = 0;
		};
		743658F9E7BA9E28649A2402 /* [CP] Check Pods Manifest.lock */ = {
			isa = PBXShellScriptBuildPhase;
			buildActionMask = 2147483647;
			files = (
			);
			inputPaths = (
				"${PODS_PODFILE_DIR_PATH}/Podfile.lock",
				"${PODS_ROOT}/Manifest.lock",
			);
			name = "[CP] Check Pods Manifest.lock";
			outputPaths = (
				"$(DERIVED_FILE_DIR)/Pods-TextFieldsDemo-checkManifestLockResult.txt",
			);
			runOnlyForDeploymentPostprocessing = 0;
			shellPath = /bin/sh;
			shellScript = "diff \"${PODS_PODFILE_DIR_PATH}/Podfile.lock\" \"${PODS_ROOT}/Manifest.lock\" > /dev/null\nif [ $? != 0 ] ; then\n    # print error to STDERR\n    echo \"error: The sandbox is not in sync with the Podfile.lock. Run 'pod install' or update your CocoaPods installation.\" >&2\n    exit 1\nfi\n# This output is used by Xcode 'outputs' to avoid re-running this script phase.\necho \"SUCCESS\" > \"${SCRIPT_OUTPUT_FILE_0}\"\n";
			showEnvVarsInLog = 0;
		};
/* End PBXShellScriptBuildPhase section */

/* Begin PBXSourcesBuildPhase section */
		EA850D1C2237A93E00ACCCE0 /* Sources */ = {
			isa = PBXSourcesBuildPhase;
			buildActionMask = 2147483647;
			files = (
				EA850D362237A99500ACCCE0 /* ExampleTableViewController.swift in Sources */,
				EA850D242237A93E00ACCCE0 /* AppDelegate.swift in Sources */,
			);
			runOnlyForDeploymentPostprocessing = 0;
		};
/* End PBXSourcesBuildPhase section */

/* Begin PBXVariantGroup section */
		EA850D272237A93E00ACCCE0 /* Main.storyboard */ = {
			isa = PBXVariantGroup;
			children = (
				EA850D282237A93E00ACCCE0 /* Base */,
			);
			name = Main.storyboard;
			sourceTree = "<group>";
		};
		EA850D2C2237A93F00ACCCE0 /* LaunchScreen.storyboard */ = {
			isa = PBXVariantGroup;
			children = (
				EA850D2D2237A93F00ACCCE0 /* Base */,
			);
			name = LaunchScreen.storyboard;
			sourceTree = "<group>";
		};
/* End PBXVariantGroup section */

/* Begin XCBuildConfiguration section */
		EA850D302237A93F00ACCCE0 /* Debug */ = {
			isa = XCBuildConfiguration;
			buildSettings = {
				ALWAYS_SEARCH_USER_PATHS = NO;
				CLANG_ANALYZER_NONNULL = YES;
				CLANG_ANALYZER_NUMBER_OBJECT_CONVERSION = YES_AGGRESSIVE;
				CLANG_CXX_LANGUAGE_STANDARD = "gnu++14";
				CLANG_CXX_LIBRARY = "libc++";
				CLANG_ENABLE_MODULES = YES;
				CLANG_ENABLE_OBJC_ARC = YES;
				CLANG_ENABLE_OBJC_WEAK = YES;
				CLANG_WARN_BLOCK_CAPTURE_AUTORELEASING = YES;
				CLANG_WARN_BOOL_CONVERSION = YES;
				CLANG_WARN_COMMA = YES;
				CLANG_WARN_CONSTANT_CONVERSION = YES;
				CLANG_WARN_DEPRECATED_OBJC_IMPLEMENTATIONS = YES;
				CLANG_WARN_DIRECT_OBJC_ISA_USAGE = YES_ERROR;
				CLANG_WARN_DOCUMENTATION_COMMENTS = YES;
				CLANG_WARN_EMPTY_BODY = YES;
				CLANG_WARN_ENUM_CONVERSION = YES;
				CLANG_WARN_INFINITE_RECURSION = YES;
				CLANG_WARN_INT_CONVERSION = YES;
				CLANG_WARN_NON_LITERAL_NULL_CONVERSION = YES;
				CLANG_WARN_OBJC_IMPLICIT_RETAIN_SELF = YES;
				CLANG_WARN_OBJC_LITERAL_CONVERSION = YES;
				CLANG_WARN_OBJC_ROOT_CLASS = YES_ERROR;
				CLANG_WARN_RANGE_LOOP_ANALYSIS = YES;
				CLANG_WARN_STRICT_PROTOTYPES = YES;
				CLANG_WARN_SUSPICIOUS_MOVE = YES;
				CLANG_WARN_UNGUARDED_AVAILABILITY = YES_AGGRESSIVE;
				CLANG_WARN_UNREACHABLE_CODE = YES;
				CLANG_WARN__DUPLICATE_METHOD_MATCH = YES;
				CODE_SIGN_IDENTITY = "iPhone Developer";
				COPY_PHASE_STRIP = NO;
				DEBUG_INFORMATION_FORMAT = dwarf;
				ENABLE_STRICT_OBJC_MSGSEND = YES;
				ENABLE_TESTABILITY = YES;
				GCC_C_LANGUAGE_STANDARD = gnu11;
				GCC_DYNAMIC_NO_PIC = NO;
				GCC_NO_COMMON_BLOCKS = YES;
				GCC_OPTIMIZATION_LEVEL = 0;
				GCC_PREPROCESSOR_DEFINITIONS = (
					"DEBUG=1",
					"$(inherited)",
				);
				GCC_WARN_64_TO_32_BIT_CONVERSION = YES;
				GCC_WARN_ABOUT_RETURN_TYPE = YES_ERROR;
				GCC_WARN_UNDECLARED_SELECTOR = YES;
				GCC_WARN_UNINITIALIZED_AUTOS = YES_AGGRESSIVE;
				GCC_WARN_UNUSED_FUNCTION = YES;
				GCC_WARN_UNUSED_VARIABLE = YES;
				IPHONEOS_DEPLOYMENT_TARGET = 12.1;
				MTL_ENABLE_DEBUG_INFO = INCLUDE_SOURCE;
				MTL_FAST_MATH = YES;
				ONLY_ACTIVE_ARCH = YES;
				SDKROOT = iphoneos;
				SWIFT_ACTIVE_COMPILATION_CONDITIONS = DEBUG;
				SWIFT_OPTIMIZATION_LEVEL = "-Onone";
			};
			name = Debug;
		};
		EA850D312237A93F00ACCCE0 /* Release */ = {
			isa = XCBuildConfiguration;
			buildSettings = {
				ALWAYS_SEARCH_USER_PATHS = NO;
				CLANG_ANALYZER_NONNULL = YES;
				CLANG_ANALYZER_NUMBER_OBJECT_CONVERSION = YES_AGGRESSIVE;
				CLANG_CXX_LANGUAGE_STANDARD = "gnu++14";
				CLANG_CXX_LIBRARY = "libc++";
				CLANG_ENABLE_MODULES = YES;
				CLANG_ENABLE_OBJC_ARC = YES;
				CLANG_ENABLE_OBJC_WEAK = YES;
				CLANG_WARN_BLOCK_CAPTURE_AUTORELEASING = YES;
				CLANG_WARN_BOOL_CONVERSION = YES;
				CLANG_WARN_COMMA = YES;
				CLANG_WARN_CONSTANT_CONVERSION = YES;
				CLANG_WARN_DEPRECATED_OBJC_IMPLEMENTATIONS = YES;
				CLANG_WARN_DIRECT_OBJC_ISA_USAGE = YES_ERROR;
				CLANG_WARN_DOCUMENTATION_COMMENTS = YES;
				CLANG_WARN_EMPTY_BODY = YES;
				CLANG_WARN_ENUM_CONVERSION = YES;
				CLANG_WARN_INFINITE_RECURSION = YES;
				CLANG_WARN_INT_CONVERSION = YES;
				CLANG_WARN_NON_LITERAL_NULL_CONVERSION = YES;
				CLANG_WARN_OBJC_IMPLICIT_RETAIN_SELF = YES;
				CLANG_WARN_OBJC_LITERAL_CONVERSION = YES;
				CLANG_WARN_OBJC_ROOT_CLASS = YES_ERROR;
				CLANG_WARN_RANGE_LOOP_ANALYSIS = YES;
				CLANG_WARN_STRICT_PROTOTYPES = YES;
				CLANG_WARN_SUSPICIOUS_MOVE = YES;
				CLANG_WARN_UNGUARDED_AVAILABILITY = YES_AGGRESSIVE;
				CLANG_WARN_UNREACHABLE_CODE = YES;
				CLANG_WARN__DUPLICATE_METHOD_MATCH = YES;
				CODE_SIGN_IDENTITY = "iPhone Developer";
				COPY_PHASE_STRIP = NO;
				DEBUG_INFORMATION_FORMAT = "dwarf-with-dsym";
				ENABLE_NS_ASSERTIONS = NO;
				ENABLE_STRICT_OBJC_MSGSEND = YES;
				GCC_C_LANGUAGE_STANDARD = gnu11;
				GCC_NO_COMMON_BLOCKS = YES;
				GCC_WARN_64_TO_32_BIT_CONVERSION = YES;
				GCC_WARN_ABOUT_RETURN_TYPE = YES_ERROR;
				GCC_WARN_UNDECLARED_SELECTOR = YES;
				GCC_WARN_UNINITIALIZED_AUTOS = YES_AGGRESSIVE;
				GCC_WARN_UNUSED_FUNCTION = YES;
				GCC_WARN_UNUSED_VARIABLE = YES;
				IPHONEOS_DEPLOYMENT_TARGET = 12.1;
				MTL_ENABLE_DEBUG_INFO = NO;
				MTL_FAST_MATH = YES;
				SDKROOT = iphoneos;
				SWIFT_COMPILATION_MODE = wholemodule;
				SWIFT_OPTIMIZATION_LEVEL = "-O";
				VALIDATE_PRODUCT = YES;
			};
			name = Release;
		};
		EA850D332237A93F00ACCCE0 /* Debug */ = {
			isa = XCBuildConfiguration;
			baseConfigurationReference = 2EA14BE4B18EF95CF676D668 /* Pods-TextFieldsDemo.debug.xcconfig */;
			buildSettings = {
				ASSETCATALOG_COMPILER_APPICON_NAME = AppIcon;
				CODE_SIGN_STYLE = Automatic;
				INFOPLIST_FILE = TextFieldsDemo/Info.plist;
				LD_RUNPATH_SEARCH_PATHS = (
					"$(inherited)",
					"@executable_path/Frameworks",
				);
				PRODUCT_BUNDLE_IDENTIFIER = com.raulriera.TextFieldsDemo;
				PRODUCT_NAME = "$(TARGET_NAME)";
				SWIFT_VERSION = 4.2;
				TARGETED_DEVICE_FAMILY = "1,2";
			};
			name = Debug;
		};
		EA850D342237A93F00ACCCE0 /* Release */ = {
			isa = XCBuildConfiguration;
			baseConfigurationReference = 0887C9A14A11B5998251253B /* Pods-TextFieldsDemo.release.xcconfig */;
			buildSettings = {
				ASSETCATALOG_COMPILER_APPICON_NAME = AppIcon;
				CODE_SIGN_STYLE = Automatic;
				INFOPLIST_FILE = TextFieldsDemo/Info.plist;
				LD_RUNPATH_SEARCH_PATHS = (
					"$(inherited)",
					"@executable_path/Frameworks",
				);
				PRODUCT_BUNDLE_IDENTIFIER = com.raulriera.TextFieldsDemo;
				PRODUCT_NAME = "$(TARGET_NAME)";
				SWIFT_VERSION = 4.2;
				TARGETED_DEVICE_FAMILY = "1,2";
			};
			name = Release;
		};
/* End XCBuildConfiguration section */

/* Begin XCConfigurationList section */
		EA850D1B2237A93E00ACCCE0 /* Build configuration list for PBXProject "TextFieldsDemo" */ = {
			isa = XCConfigurationList;
			buildConfigurations = (
				EA850D302237A93F00ACCCE0 /* Debug */,
				EA850D312237A93F00ACCCE0 /* Release */,
			);
			defaultConfigurationIsVisible = 0;
			defaultConfigurationName = Release;
		};
		EA850D322237A93F00ACCCE0 /* Build configuration list for PBXNativeTarget "TextFieldsDemo" */ = {
			isa = XCConfigurationList;
			buildConfigurations = (
				EA850D332237A93F00ACCCE0 /* Debug */,
				EA850D342237A93F00ACCCE0 /* Release */,
			);
			defaultConfigurationIsVisible = 0;
			defaultConfigurationName = Release;
		};
/* End XCConfigurationList section */
	};
	rootObject = EA850D182237A93E00ACCCE0 /* Project object */;
}
